
Microsoft Visual Studio Solution File, Format Version 12.00
# Visual Studio Version 17
VisualStudioVersion = 17.5.33530.505
MinimumVisualStudioVersion = 10.0.40219.1
Project("{FAE04EC0-301F-11D3-BF4B-00C04F79EFBC}") = "BlogNotas-Cliente", "BlogNotas-Cliente\BlogNotas-Cliente.csproj", "{2B8E210B-179F-45DE-B7E5-D41647CBED58}"
EndProject
Global
	GlobalSection(SolutionConfigurationPlatforms) = preSolution
		Debug|Any CPU = Debug|Any CPU
		Release|Any CPU = Release|Any CPU
	EndGlobalSection
	GlobalSection(ProjectConfigurationPlatforms) = postSolution
		{2B8E210B-179F-45DE-B7E5-D41647CBED58}.Debug|Any CPU.ActiveCfg = Debug|Any CPU
		{2B8E210B-179F-45DE-B7E5-D41647CBED58}.Debug|Any CPU.Build.0 = Debug|Any CPU
		{2B8E210B-179F-45DE-B7E5-D41647CBED58}.Release|Any CPU.ActiveCfg = Release|Any CPU
		{2B8E210B-179F-45DE-B7E5-D41647CBED58}.Release|Any CPU.Build.0 = Release|Any CPU
	EndGlobalSection
	GlobalSection(SolutionProperties) = preSolution
		HideSolutionNode = FALSE
	EndGlobalSection
	GlobalSection(ExtensibilityGlobals) = postSolution
		SolutionGuid = {B0CDFBF8-3706-4A45-B2D8-72F65C3F28A9}
	EndGlobalSection
EndGlobal
